// !$*UTF8*$!
{
	archiveVersion = 1;
	classes = {
	};
	objectVersion = 55;
	objects = {

/* Begin PBXBuildFile section */
		A3C755E927EBA97E00B456F8 /* AppDelegate.swift in Sources */ = {isa = PBXBuildFile; fileRef = A3C755E827EBA97E00B456F8 /* AppDelegate.swift */; };
		A3C755EB27EBA97E00B456F8 /* ContentView.swift in Sources */ = {isa = PBXBuildFile; fileRef = A3C755EA27EBA97E00B456F8 /* ContentView.swift */; };
		A3C755ED27EBA97E00B456F8 /* Experience.rcproject in Sources */ = {isa = PBXBuildFile; fileRef = A3C755EC27EBA97E00B456F8 /* Experience.rcproject */; };
		A3C755EF27EBA97F00B456F8 /* Assets.xcassets in Resources */ = {isa = PBXBuildFile; fileRef = A3C755EE27EBA97F00B456F8 /* Assets.xcassets */; };
		A3C755F227EBA97F00B456F8 /* Preview Assets.xcassets in Resources */ = {isa = PBXBuildFile; fileRef = A3C755F127EBA97F00B456F8 /* Preview Assets.xcassets */; };
		A3C755FC27EBA97F00B456F8 /* ModelPickerAppTests.swift in Sources */ = {isa = PBXBuildFile; fileRef = A3C755FB27EBA97F00B456F8 /* ModelPickerAppTests.swift */; };
		A3C7560627EBA97F00B456F8 /* ModelPickerAppUITests.swift in Sources */ = {isa = PBXBuildFile; fileRef = A3C7560527EBA97F00B456F8 /* ModelPickerAppUITests.swift */; };
		A3C7560827EBA97F00B456F8 /* ModelPickerAppUITestsLaunchTests.swift in Sources */ = {isa = PBXBuildFile; fileRef = A3C7560727EBA97F00B456F8 /* ModelPickerAppUITestsLaunchTests.swift */; };
		A3C7561927EBAA9E00B456F8 /* toy_robot_vintage.usdz in Resources */ = {isa = PBXBuildFile; fileRef = A3C7561527EBAA9E00B456F8 /* toy_robot_vintage.usdz */; };
		A3C7561A27EBAA9E00B456F8 /* toy_biplane.usdz in Resources */ = {isa = PBXBuildFile; fileRef = A3C7561627EBAA9E00B456F8 /* toy_biplane.usdz */; };
		A3C7561B27EBAA9E00B456F8 /* teapot.usdz in Resources */ = {isa = PBXBuildFile; fileRef = A3C7561727EBAA9E00B456F8 /* teapot.usdz */; };
		A3C7561C27EBAA9E00B456F8 /* fender_stratocaster.usdz in Resources */ = {isa = PBXBuildFile; fileRef = A3C7561827EBAA9E00B456F8 /* fender_stratocaster.usdz */; };
/* End PBXBuildFile section */

/* Begin PBXContainerItemProxy section */
		A3C755F827EBA97F00B456F8 /* PBXContainerItemProxy */ = {
			isa = PBXContainerItemProxy;
			containerPortal = A3C755DD27EBA97E00B456F8 /* Project object */;
			proxyType = 1;
			remoteGlobalIDString = A3C755E427EBA97E00B456F8;
			remoteInfo = ModelPickerApp;
		};
		A3C7560227EBA97F00B456F8 /* PBXContainerItemProxy */ = {
			isa = PBXContainerItemProxy;
			containerPortal = A3C755DD27EBA97E00B456F8 /* Project object */;
			proxyType = 1;
			remoteGlobalIDString = A3C755E427EBA97E00B456F8;
			remoteInfo = ModelPickerApp;
		};
/* End PBXContainerItemProxy section */

/* Begin PBXFileReference section */
		A3C755E527EBA97E00B456F8 /* ModelPickerApp.app */ = {isa = PBXFileReference; explicitFileType = wrapper.application; includeInIndex = 0; path = ModelPickerApp.app; sourceTree = BUILT_PRODUCTS_DIR; };
		A3C755E827EBA97E00B456F8 /* AppDelegate.swift */ = {isa = PBXFileReference; lastKnownFileType = sourcecode.swift; path = AppDelegate.swift; sourceTree = "<group>"; };
		A3C755EA27EBA97E00B456F8 /* ContentView.swift */ = {isa = PBXFileReference; lastKnownFileType = sourcecode.swift; path = ContentView.swift; sourceTree = "<group>"; };
		A3C755EC27EBA97E00B456F8 /* Experience.rcproject */ = {isa = PBXFileReference; lastKnownFileType = file.rcproject; path = Experience.rcproject; sourceTree = "<group>"; };
		A3C755EE27EBA97F00B456F8 /* Assets.xcassets */ = {isa = PBXFileReference; lastKnownFileType = folder.assetcatalog; path = Assets.xcassets; sourceTree = "<group>"; };
		A3C755F127EBA97F00B456F8 /* Preview Assets.xcassets */ = {isa = PBXFileReference; lastKnownFileType = folder.assetcatalog; path = "Preview Assets.xcassets"; sourceTree = "<group>"; };
		A3C755F727EBA97F00B456F8 /* ModelPickerAppTests.xctest */ = {isa = PBXFileReference; explicitFileType = wrapper.cfbundle; includeInIndex = 0; path = ModelPickerAppTests.xctest; sourceTree = BUILT_PRODUCTS_DIR; };
		A3C755FB27EBA97F00B456F8 /* ModelPickerAppTests.swift */ = {isa = PBXFileReference; lastKnownFileType = sourcecode.swift; path = ModelPickerAppTests.swift; sourceTree = "<group>"; };
		A3C7560127EBA97F00B456F8 /* ModelPickerAppUITests.xctest */ = {isa = PBXFileReference; explicitFileType = wrapper.cfbundle; includeInIndex = 0; path = ModelPickerAppUITests.xctest; sourceTree = BUILT_PRODUCTS_DIR; };
		A3C7560527EBA97F00B456F8 /* ModelPickerAppUITests.swift */ = {isa = PBXFileReference; lastKnownFileType = sourcecode.swift; path = ModelPickerAppUITests.swift; sourceTree = "<group>"; };
		A3C7560727EBA97F00B456F8 /* ModelPickerAppUITestsLaunchTests.swift */ = {isa = PBXFileReference; lastKnownFileType = sourcecode.swift; path = ModelPickerAppUITestsLaunchTests.swift; sourceTree = "<group>"; };
		A3C7561527EBAA9E00B456F8 /* toy_robot_vintage.usdz */ = {isa = PBXFileReference; lastKnownFileType = file.usdz; path = toy_robot_vintage.usdz; sourceTree = "<group>"; };
		A3C7561627EBAA9E00B456F8 /* toy_biplane.usdz */ = {isa = PBXFileReference; lastKnownFileType = file.usdz; path = toy_biplane.usdz; sourceTree = "<group>"; };
		A3C7561727EBAA9E00B456F8 /* teapot.usdz */ = {isa = PBXFileReference; lastKnownFileType = file.usdz; path = teapot.usdz; sourceTree = "<group>"; };
		A3C7561827EBAA9E00B456F8 /* fender_stratocaster.usdz */ = {isa = PBXFileReference; lastKnownFileType = file.usdz; path = fender_stratocaster.usdz; sourceTree = "<group>"; };
/* End PBXFileReference section */

/* Begin PBXFrameworksBuildPhase section */
		A3C755E227EBA97E00B456F8 /* Frameworks */ = {
			isa = PBXFrameworksBuildPhase;
			buildActionMask = 2147483647;
			files = (
			);
			runOnlyForDeploymentPostprocessing = 0;
		};
		A3C755F427EBA97F00B456F8 /* Frameworks */ = {
			isa = PBXFrameworksBuildPhase;
			buildActionMask = 2147483647;
			files = (
			);
			runOnlyForDeploymentPostprocessing = 0;
		};
		A3C755FE27EBA97F00B456F8 /* Frameworks */ = {
			isa = PBXFrameworksBuildPhase;
			buildActionMask = 2147483647;
			files = (
			);
			runOnlyForDeploymentPostprocessing = 0;
		};
/* End PBXFrameworksBuildPhase section */

/* Begin PBXGroup section */
		A3C755DC27EBA97E00B456F8 = {
			isa = PBXGroup;
			children = (
				A3C755E727EBA97E00B456F8 /* ModelPickerApp */,
				A3C755FA27EBA97F00B456F8 /* ModelPickerAppTests */,
				A3C7560427EBA97F00B456F8 /* ModelPickerAppUITests */,
				A3C755E627EBA97E00B456F8 /* Products */,
			);
			sourceTree = "<group>";
		};
		A3C755E627EBA97E00B456F8 /* Products */ = {
			isa = PBXGroup;
			children = (
				A3C755E527EBA97E00B456F8 /* ModelPickerApp.app */,
				A3C755F727EBA97F00B456F8 /* ModelPickerAppTests.xctest */,
				A3C7560127EBA97F00B456F8 /* ModelPickerAppUITests.xctest */,
			);
			name = Products;
			sourceTree = "<group>";
		};
		A3C755E727EBA97E00B456F8 /* ModelPickerApp */ = {
			isa = PBXGroup;
			children = (
				A3C755E827EBA97E00B456F8 /* AppDelegate.swift */,
				A3C7561427EBAA4300B456F8 /* Models */,
				A3C755EA27EBA97E00B456F8 /* ContentView.swift */,
				A3C755EC27EBA97E00B456F8 /* Experience.rcproject */,
				A3C755EE27EBA97F00B456F8 /* Assets.xcassets */,
				A3C755F027EBA97F00B456F8 /* Preview Content */,
			);
			path = ModelPickerApp;
			sourceTree = "<group>";
		};
		A3C755F027EBA97F00B456F8 /* Preview Content */ = {
			isa = PBXGroup;
			children = (
				A3C755F127EBA97F00B456F8 /* Preview Assets.xcassets */,
			);
			path = "Preview Content";
			sourceTree = "<group>";
		};
		A3C755FA27EBA97F00B456F8 /* ModelPickerAppTests */ = {
			isa = PBXGroup;
			children = (
				A3C755FB27EBA97F00B456F8 /* ModelPickerAppTests.swift */,
			);
			path = ModelPickerAppTests;
			sourceTree = "<group>";
		};
		A3C7560427EBA97F00B456F8 /* ModelPickerAppUITests */ = {
			isa = PBXGroup;
			children = (
				A3C7560527EBA97F00B456F8 /* ModelPickerAppUITests.swift */,
				A3C7560727EBA97F00B456F8 /* ModelPickerAppUITestsLaunchTests.swift */,
			);
			path = ModelPickerAppUITests;
			sourceTree = "<group>";
		};
		A3C7561427EBAA4300B456F8 /* Models */ = {
			isa = PBXGroup;
			children = (
				A3C7561827EBAA9E00B456F8 /* fender_stratocaster.usdz */,
				A3C7561727EBAA9E00B456F8 /* teapot.usdz */,
				A3C7561627EBAA9E00B456F8 /* toy_biplane.usdz */,
				A3C7561527EBAA9E00B456F8 /* toy_robot_vintage.usdz */,
			);
			path = Models;
			sourceTree = "<group>";
		};
/* End PBXGroup section */

/* Begin PBXNativeTarget section */
		A3C755E427EBA97E00B456F8 /* ModelPickerApp */ = {
			isa = PBXNativeTarget;
			buildConfigurationList = A3C7560B27EBA97F00B456F8 /* Build configuration list for PBXNativeTarget "ModelPickerApp" */;
			buildPhases = (
				A3C755E127EBA97E00B456F8 /* Sources */,
				A3C755E227EBA97E00B456F8 /* Frameworks */,
				A3C755E327EBA97E00B456F8 /* Resources */,
			);
			buildRules = (
			);
			dependencies = (
			);
			name = ModelPickerApp;
			productName = ModelPickerApp;
			productReference = A3C755E527EBA97E00B456F8 /* ModelPickerApp.app */;
			productType = "com.apple.product-type.application";
		};
		A3C755F627EBA97F00B456F8 /* ModelPickerAppTests */ = {
			isa = PBXNativeTarget;
			buildConfigurationList = A3C7560E27EBA97F00B456F8 /* Build configuration list for PBXNativeTarget "ModelPickerAppTests" */;
			buildPhases = (
				A3C755F327EBA97F00B456F8 /* Sources */,
				A3C755F427EBA97F00B456F8 /* Frameworks */,
				A3C755F527EBA97F00B456F8 /* Resources */,
			);
			buildRules = (
			);
			dependencies = (
				A3C755F927EBA97F00B456F8 /* PBXTargetDependency */,
			);
			name = ModelPickerAppTests;
			productName = ModelPickerAppTests;
			productReference = A3C755F727EBA97F00B456F8 /* ModelPickerAppTests.xctest */;
			productType = "com.apple.product-type.bundle.unit-test";
		};
		A3C7560027EBA97F00B456F8 /* ModelPickerAppUITests */ = {
			isa = PBXNativeTarget;
			buildConfigurationList = A3C7561127EBA97F00B456F8 /* Build configuration list for PBXNativeTarget "ModelPickerAppUITests" */;
			buildPhases = (
				A3C755FD27EBA97F00B456F8 /* Sources */,
				A3C755FE27EBA97F00B456F8 /* Frameworks */,
				A3C755FF27EBA97F00B456F8 /* Resources */,
			);
			buildRules = (
			);
			dependencies = (
				A3C7560327EBA97F00B456F8 /* PBXTargetDependency */,
			);
			name = ModelPickerAppUITests;
			productName = ModelPickerAppUITests;
			productReference = A3C7560127EBA97F00B456F8 /* ModelPickerAppUITests.xctest */;
			productType = "com.apple.product-type.bundle.ui-testing";
		};
/* End PBXNativeTarget section */

/* Begin PBXProject section */
		A3C755DD27EBA97E00B456F8 /* Project object */ = {
			isa = PBXProject;
			attributes = {
				BuildIndependentTargetsInParallel = 1;
				LastSwiftUpdateCheck = 1330;
				LastUpgradeCheck = 1330;
				TargetAttributes = {
					A3C755E427EBA97E00B456F8 = {
						CreatedOnToolsVersion = 13.3;
					};
					A3C755F627EBA97F00B456F8 = {
						CreatedOnToolsVersion = 13.3;
						TestTargetID = A3C755E427EBA97E00B456F8;
					};
					A3C7560027EBA97F00B456F8 = {
						CreatedOnToolsVersion = 13.3;
						TestTargetID = A3C755E427EBA97E00B456F8;
					};
				};
			};
			buildConfigurationList = A3C755E027EBA97E00B456F8 /* Build configuration list for PBXProject "ModelPickerApp" */;
			compatibilityVersion = "Xcode 13.0";
			developmentRegion = en;
			hasScannedForEncodings = 0;
			knownRegions = (
				en,
				Base,
			);
			mainGroup = A3C755DC27EBA97E00B456F8;
			productRefGroup = A3C755E627EBA97E00B456F8 /* Products */;
			projectDirPath = "";
			projectRoot = "";
			targets = (
				A3C755E427EBA97E00B456F8 /* ModelPickerApp */,
				A3C755F627EBA97F00B456F8 /* ModelPickerAppTests */,
				A3C7560027EBA97F00B456F8 /* ModelPickerAppUITests */,
			);
		};
/* End PBXProject section */

/* Begin PBXResourcesBuildPhase section */
		A3C755E327EBA97E00B456F8 /* Resources */ = {
			isa = PBXResourcesBuildPhase;
			buildActionMask = 2147483647;
			files = (
				A3C755F227EBA97F00B456F8 /* Preview Assets.xcassets in Resources */,
				A3C755EF27EBA97F00B456F8 /* Assets.xcassets in Resources */,
				A3C7561C27EBAA9E00B456F8 /* fender_stratocaster.usdz in Resources */,
				A3C7561A27EBAA9E00B456F8 /* toy_biplane.usdz in Resources */,
				A3C7561927EBAA9E00B456F8 /* toy_robot_vintage.usdz in Resources */,
				A3C7561B27EBAA9E00B456F8 /* teapot.usdz in Resources */,
			);
			runOnlyForDeploymentPostprocessing = 0;
		};
		A3C755F527EBA97F00B456F8 /* Resources */ = {
			isa = PBXResourcesBuildPhase;
			buildActionMask = 2147483647;
			files = (
			);
			runOnlyForDeploymentPostprocessing = 0;
		};
		A3C755FF27EBA97F00B456F8 /* Resources */ = {
			isa = PBXResourcesBuildPhase;
			buildActionMask = 2147483647;
			files = (
			);
			runOnlyForDeploymentPostprocessing = 0;
		};
/* End PBXResourcesBuildPhase section */

/* Begin PBXSourcesBuildPhase section */
		A3C755E127EBA97E00B456F8 /* Sources */ = {
			isa = PBXSourcesBuildPhase;
			buildActionMask = 2147483647;
			files = (
				A3C755EB27EBA97E00B456F8 /* ContentView.swift in Sources */,
				A3C755E927EBA97E00B456F8 /* AppDelegate.swift in Sources */,
				A3C755ED27EBA97E00B456F8 /* Experience.rcproject in Sources */,
			);
			runOnlyForDeploymentPostprocessing = 0;
		};
		A3C755F327EBA97F00B456F8 /* Sources */ = {
			isa = PBXSourcesBuildPhase;
			buildActionMask = 2147483647;
			files = (
				A3C755FC27EBA97F00B456F8 /* ModelPickerAppTests.swift in Sources */,
			);
			runOnlyForDeploymentPostprocessing = 0;
		};
		A3C755FD27EBA97F00B456F8 /* Sources */ = {
			isa = PBXSourcesBuildPhase;
			buildActionMask = 2147483647;
			files = (
				A3C7560827EBA97F00B456F8 /* ModelPickerAppUITestsLaunchTests.swift in Sources */,
				A3C7560627EBA97F00B456F8 /* ModelPickerAppUITests.swift in Sources */,
			);
			runOnlyForDeploymentPostprocessing = 0;
		};
/* End PBXSourcesBuildPhase section */

/* Begin PBXTargetDependency section */
		A3C755F927EBA97F00B456F8 /* PBXTargetDependency */ = {
			isa = PBXTargetDependency;
			target = A3C755E427EBA97E00B456F8 /* ModelPickerApp */;
			targetProxy = A3C755F827EBA97F00B456F8 /* PBXContainerItemProxy */;
		};
		A3C7560327EBA97F00B456F8 /* PBXTargetDependency */ = {
			isa = PBXTargetDependency;
			target = A3C755E427EBA97E00B456F8 /* ModelPickerApp */;
			targetProxy = A3C7560227EBA97F00B456F8 /* PBXContainerItemProxy */;
		};
/* End PBXTargetDependency section */

/* Begin XCBuildConfiguration section */
		A3C7560927EBA97F00B456F8 /* Debug */ = {
			isa = XCBuildConfiguration;
			buildSettings = {
				ALWAYS_SEARCH_USER_PATHS = NO;
				CLANG_ANALYZER_NONNULL = YES;
				CLANG_ANALYZER_NUMBER_OBJECT_CONVERSION = YES_AGGRESSIVE;
				CLANG_CXX_LANGUAGE_STANDARD = "gnu++17";
				CLANG_ENABLE_MODULES = YES;
				CLANG_ENABLE_OBJC_ARC = YES;
				CLANG_ENABLE_OBJC_WEAK = YES;
				CLANG_WARN_BLOCK_CAPTURE_AUTORELEASING = YES;
				CLANG_WARN_BOOL_CONVERSION = YES;
				CLANG_WARN_COMMA = YES;
				CLANG_WARN_CONSTANT_CONVERSION = YES;
				CLANG_WARN_DEPRECATED_OBJC_IMPLEMENTATIONS = YES;
				CLANG_WARN_DIRECT_OBJC_ISA_USAGE = YES_ERROR;
				CLANG_WARN_DOCUMENTATION_COMMENTS = YES;
				CLANG_WARN_EMPTY_BODY = YES;
				CLANG_WARN_ENUM_CONVERSION = YES;
				CLANG_WARN_INFINITE_RECURSION = YES;
				CLANG_WARN_INT_CONVERSION = YES;
				CLANG_WARN_NON_LITERAL_NULL_CONVERSION = YES;
				CLANG_WARN_OBJC_IMPLICIT_RETAIN_SELF = YES;
				CLANG_WARN_OBJC_LITERAL_CONVERSION = YES;
				CLANG_WARN_OBJC_ROOT_CLASS = YES_ERROR;
				CLANG_WARN_QUOTED_INCLUDE_IN_FRAMEWORK_HEADER = YES;
				CLANG_WARN_RANGE_LOOP_ANALYSIS = YES;
				CLANG_WARN_STRICT_PROTOTYPES = YES;
				CLANG_WARN_SUSPICIOUS_MOVE = YES;
				CLANG_WARN_UNGUARDED_AVAILABILITY = YES_AGGRESSIVE;
				CLANG_WARN_UNREACHABLE_CODE = YES;
				CLANG_WARN__DUPLICATE_METHOD_MATCH = YES;
				COPY_PHASE_STRIP = NO;
				DEBUG_INFORMATION_FORMAT = dwarf;
				ENABLE_STRICT_OBJC_MSGSEND = YES;
				ENABLE_TESTABILITY = YES;
				GCC_C_LANGUAGE_STANDARD = gnu11;
				GCC_DYNAMIC_NO_PIC = NO;
				GCC_NO_COMMON_BLOCKS = YES;
				GCC_OPTIMIZATION_LEVEL = 0;
				GCC_PREPROCESSOR_DEFINITIONS = (
					"DEBUG=1",
					"$(inherited)",
				);
				GCC_WARN_64_TO_32_BIT_CONVERSION = YES;
				GCC_WARN_ABOUT_RETURN_TYPE = YES_ERROR;
				GCC_WARN_UNDECLARED_SELECTOR = YES;
				GCC_WARN_UNINITIALIZED_AUTOS = YES_AGGRESSIVE;
				GCC_WARN_UNUSED_FUNCTION = YES;
				GCC_WARN_UNUSED_VARIABLE = YES;
				IPHONEOS_DEPLOYMENT_TARGET = 15.4;
				MTL_ENABLE_DEBUG_INFO = INCLUDE_SOURCE;
				MTL_FAST_MATH = YES;
				ONLY_ACTIVE_ARCH = YES;
				SDKROOT = iphoneos;
				SWIFT_ACTIVE_COMPILATION_CONDITIONS = DEBUG;
				SWIFT_OPTIMIZATION_LEVEL = "-Onone";
			};
			name = Debug;
		};
		A3C7560A27EBA97F00B456F8 /* Release */ = {
			isa = XCBuildConfiguration;
			buildSettings = {
				ALWAYS_SEARCH_USER_PATHS = NO;
				CLANG_ANALYZER_NONNULL = YES;
				CLANG_ANALYZER_NUMBER_OBJECT_CONVERSION = YES_AGGRESSIVE;
				CLANG_CXX_LANGUAGE_STANDARD = "gnu++17";
				CLANG_ENABLE_MODULES = YES;
				CLANG_ENABLE_OBJC_ARC = YES;
				CLANG_ENABLE_OBJC_WEAK = YES;
				CLANG_WARN_BLOCK_CAPTURE_AUTORELEASING = YES;
				CLANG_WARN_BOOL_CONVERSION = YES;
				CLANG_WARN_COMMA = YES;
				CLANG_WARN_CONSTANT_CONVERSION = YES;
				CLANG_WARN_DEPRECATED_OBJC_IMPLEMENTATIONS = YES;
				CLANG_WARN_DIRECT_OBJC_ISA_USAGE = YES_ERROR;
				CLANG_WARN_DOCUMENTATION_COMMENTS = YES;
				CLANG_WARN_EMPTY_BODY = YES;
				CLANG_WARN_ENUM_CONVERSION = YES;
				CLANG_WARN_INFINITE_RECURSION = YES;
				CLANG_WARN_INT_CONVERSION = YES;
				CLANG_WARN_NON_LITERAL_NULL_CONVERSION = YES;
				CLANG_WARN_OBJC_IMPLICIT_RETAIN_SELF = YES;
				CLANG_WARN_OBJC_LITERAL_CONVERSION = YES;
				CLANG_WARN_OBJC_ROOT_CLASS = YES_ERROR;
				CLANG_WARN_QUOTED_INCLUDE_IN_FRAMEWORK_HEADER = YES;
				CLANG_WARN_RANGE_LOOP_ANALYSIS = YES;
				CLANG_WARN_STRICT_PROTOTYPES = YES;
				CLANG_WARN_SUSPICIOUS_MOVE = YES;
				CLANG_WARN_UNGUARDED_AVAILABILITY = YES_AGGRESSIVE;
				CLANG_WARN_UNREACHABLE_CODE = YES;
				CLANG_WARN__DUPLICATE_METHOD_MATCH = YES;
				COPY_PHASE_STRIP = NO;
				DEBUG_INFORMATION_FORMAT = "dwarf-with-dsym";
				ENABLE_NS_ASSERTIONS = NO;
				ENABLE_STRICT_OBJC_MSGSEND = YES;
				GCC_C_LANGUAGE_STANDARD = gnu11;
				GCC_NO_COMMON_BLOCKS = YES;
				GCC_WARN_64_TO_32_BIT_CONVERSION = YES;
				GCC_WARN_ABOUT_RETURN_TYPE = YES_ERROR;
				GCC_WARN_UNDECLARED_SELECTOR = YES;
				GCC_WARN_UNINITIALIZED_AUTOS = YES_AGGRESSIVE;
				GCC_WARN_UNUSED_FUNCTION = YES;
				GCC_WARN_UNUSED_VARIABLE = YES;
				IPHONEOS_DEPLOYMENT_TARGET = 15.4;
				MTL_ENABLE_DEBUG_INFO = NO;
				MTL_FAST_MATH = YES;
				SDKROOT = iphoneos;
				SWIFT_COMPILATION_MODE = wholemodule;
				SWIFT_OPTIMIZATION_LEVEL = "-O";
				VALIDATE_PRODUCT = YES;
			};
			name = Release;
		};
		A3C7560C27EBA97F00B456F8 /* Debug */ = {
			isa = XCBuildConfiguration;
			buildSettings = {
				ASSETCATALOG_COMPILER_APPICON_NAME = AppIcon;
				ASSETCATALOG_COMPILER_GLOBAL_ACCENT_COLOR_NAME = AccentColor;
				CODE_SIGN_STYLE = Automatic;
				CURRENT_PROJECT_VERSION = 1;
				DEVELOPMENT_ASSET_PATHS = "\"ModelPickerApp/Preview Content\"";
				DEVELOPMENT_TEAM = QGV58JW9RG;
				ENABLE_PREVIEWS = YES;
				GENERATE_INFOPLIST_FILE = YES;
				INFOPLIST_KEY_NSCameraUsageDescription = "";
				INFOPLIST_KEY_UIApplicationSupportsIndirectInputEvents = YES;
				INFOPLIST_KEY_UILaunchScreen_Generation = YES;
				INFOPLIST_KEY_UIRequiredDeviceCapabilities = arkit;
				INFOPLIST_KEY_UIStatusBarHidden = YES;
				INFOPLIST_KEY_UISupportedInterfaceOrientations_iPad = "UIInterfaceOrientationPortrait UIInterfaceOrientationPortraitUpsideDown UIInterfaceOrientationLandscapeLeft UIInterfaceOrientationLandscapeRight";
				INFOPLIST_KEY_UISupportedInterfaceOrientations_iPhone = "UIInterfaceOrientationPortrait UIInterfaceOrientationLandscapeLeft UIInterfaceOrientationLandscapeRight";
				LD_RUNPATH_SEARCH_PATHS = (
					"$(inherited)",
					"@executable_path/Frameworks",
				);
				MARKETING_VERSION = 1.0;
				PRODUCT_BUNDLE_IDENTIFIER = com.jaxsonnelson.ModelPickerApp;
				PRODUCT_NAME = "$(TARGET_NAME)";
				SWIFT_EMIT_LOC_STRINGS = YES;
				SWIFT_VERSION = 5.0;
				TARGETED_DEVICE_FAMILY = "1,2";
			};
			name = Debug;
		};
		A3C7560D27EBA97F00B456F8 /* Release */ = {
			isa = XCBuildConfiguration;
			buildSettings = {
				ASSETCATALOG_COMPILER_APPICON_NAME = AppIcon;
				ASSETCATALOG_COMPILER_GLOBAL_ACCENT_COLOR_NAME = AccentColor;
				CODE_SIGN_STYLE = Automatic;
				CURRENT_PROJECT_VERSION = 1;
				DEVELOPMENT_ASSET_PATHS = "\"ModelPickerApp/Preview Content\"";
				DEVELOPMENT_TEAM = QGV58JW9RG;
				ENABLE_PREVIEWS = YES;
				GENERATE_INFOPLIST_FILE = YES;
				INFOPLIST_KEY_NSCameraUsageDescription = "";
				INFOPLIST_KEY_UIApplicationSupportsIndirectInputEvents = YES;
				INFOPLIST_KEY_UILaunchScreen_Generation = YES;
				INFOPLIST_KEY_UIRequiredDeviceCapabilities = arkit;
				INFOPLIST_KEY_UIStatusBarHidden = YES;
				INFOPLIST_KEY_UISupportedInterfaceOrientations_iPad = "UIInterfaceOrientationPortrait UIInterfaceOrientationPortraitUpsideDown UIInterfaceOrientationLandscapeLeft UIInterfaceOrientationLandscapeRight";
				INFOPLIST_KEY_UISupportedInterfaceOrientations_iPhone = "UIInterfaceOrientationPortrait UIInterfaceOrientationLandscapeLeft UIInterfaceOrientationLandscapeRight";
				LD_RUNPATH_SEARCH_PATHS = (
					"$(inherited)",
					"@executable_path/Frameworks",
				);
				MARKETING_VERSION = 1.0;
				PRODUCT_BUNDLE_IDENTIFIER = com.jaxsonnelson.ModelPickerApp;
				PRODUCT_NAME = "$(TARGET_NAME)";
				SWIFT_EMIT_LOC_STRINGS = YES;
				SWIFT_VERSION = 5.0;
				TARGETED_DEVICE_FAMILY = "1,2";
			};
			name = Release;
		};
		A3C7560F27EBA97F00B456F8 /* Debug */ = {
			isa = XCBuildConfiguration;
			buildSettings = {
				ALWAYS_EMBED_SWIFT_STANDARD_LIBRARIES = YES;
				BUNDLE_LOADER = "$(TEST_HOST)";
				CODE_SIGN_STYLE = Automatic;
				CURRENT_PROJECT_VERSION = 1;
				DEVELOPMENT_TEAM = QGV58JW9RG;
				GENERATE_INFOPLIST_FILE = YES;
				IPHONEOS_DEPLOYMENT_TARGET = 15.4;
				MARKETING_VERSION = 1.0;
				PRODUCT_BUNDLE_IDENTIFIER = com.jaxsonnelson.ModelPickerAppTests;
				PRODUCT_NAME = "$(TARGET_NAME)";
				SWIFT_EMIT_LOC_STRINGS = NO;
				SWIFT_VERSION = 5.0;
				TARGETED_DEVICE_FAMILY = "1,2";
				TEST_HOST = "$(BUILT_PRODUCTS_DIR)/ModelPickerApp.app/ModelPickerApp";
			};
			name = Debug;
		};
		A3C7561027EBA97F00B456F8 /* Release */ = {
			isa = XCBuildConfiguration;
			buildSettings = {
				ALWAYS_EMBED_SWIFT_STANDARD_LIBRARIES = YES;
				BUNDLE_LOADER = "$(TEST_HOST)";
				CODE_SIGN_STYLE = Automatic;
				CURRENT_PROJECT_VERSION = 1;
				DEVELOPMENT_TEAM = QGV58JW9RG;
				GENERATE_INFOPLIST_FILE = YES;
				IPHONEOS_DEPLOYMENT_TARGET = 15.4;
				MARKETING_VERSION = 1.0;
				PRODUCT_BUNDLE_IDENTIFIER = com.jaxsonnelson.ModelPickerAppTests;
				PRODUCT_NAME = "$(TARGET_NAME)";
				SWIFT_EMIT_LOC_STRINGS = NO;
				SWIFT_VERSION = 5.0;
				TARGETED_DEVICE_FAMILY = "1,2";
				TEST_HOST = "$(BUILT_PRODUCTS_DIR)/ModelPickerApp.app/ModelPickerApp";
			};
			name = Release;
		};
		A3C7561227EBA97F00B456F8 /* Debug */ = {
			isa = XCBuildConfiguration;
			buildSettings = {
				ALWAYS_EMBED_SWIFT_STANDARD_LIBRARIES = YES;
				CODE_SIGN_STYLE = Automatic;
				CURRENT_PROJECT_VERSION = 1;
				DEVELOPMENT_TEAM = QGV58JW9RG;
				GENERATE_INFOPLIST_FILE = YES;
				MARKETING_VERSION = 1.0;
				PRODUCT_BUNDLE_IDENTIFIER = com.jaxsonnelson.ModelPickerAppUITests;
				PRODUCT_NAME = "$(TARGET_NAME)";
				SWIFT_EMIT_LOC_STRINGS = NO;
				SWIFT_VERSION = 5.0;
				TARGETED_DEVICE_FAMILY = "1,2";
				TEST_TARGET_NAME = ModelPickerApp;
			};
			name = Debug;
		};
		A3C7561327EBA97F00B456F8 /* Release */ = {
			isa = XCBuildConfiguration;
			buildSettings = {
				ALWAYS_EMBED_SWIFT_STANDARD_LIBRARIES = YES;
				CODE_SIGN_STYLE = Automatic;
				CURRENT_PROJECT_VERSION = 1;
				DEVELOPMENT_TEAM = QGV58JW9RG;
				GENERATE_INFOPLIST_FILE = YES;
				MARKETING_VERSION = 1.0;
				PRODUCT_BUNDLE_IDENTIFIER = com.jaxsonnelson.ModelPickerAppUITests;
				PRODUCT_NAME = "$(TARGET_NAME)";
				SWIFT_EMIT_LOC_STRINGS = NO;
				SWIFT_VERSION = 5.0;
				TARGETED_DEVICE_FAMILY = "1,2";
				TEST_TARGET_NAME = ModelPickerApp;
			};
			name = Release;
		};
/* End XCBuildConfiguration section */

/* Begin XCConfigurationList section */
		A3C755E027EBA97E00B456F8 /* Build configuration list for PBXProject "ModelPickerApp" */ = {
			isa = XCConfigurationList;
			buildConfigurations = (
				A3C7560927EBA97F00B456F8 /* Debug */,
				A3C7560A27EBA97F00B456F8 /* Release */,
			);
			defaultConfigurationIsVisible = 0;
			defaultConfigurationName = Release;
		};
		A3C7560B27EBA97F00B456F8 /* Build configuration list for PBXNativeTarget "ModelPickerApp" */ = {
			isa = XCConfigurationList;
			buildConfigurations = (
				A3C7560C27EBA97F00B456F8 /* Debug */,
				A3C7560D27EBA97F00B456F8 /* Release */,
			);
			defaultConfigurationIsVisible = 0;
			defaultConfigurationName = Release;
		};
		A3C7560E27EBA97F00B456F8 /* Build configuration list for PBXNativeTarget "ModelPickerAppTests" */ = {
			isa = XCConfigurationList;
			buildConfigurations = (
				A3C7560F27EBA97F00B456F8 /* Debug */,
				A3C7561027EBA97F00B456F8 /* Release */,
			);
			defaultConfigurationIsVisible = 0;
			defaultConfigurationName = Release;
		};
		A3C7561127EBA97F00B456F8 /* Build configuration list for PBXNativeTarget "ModelPickerAppUITests" */ = {
			isa = XCConfigurationList;
			buildConfigurations = (
				A3C7561227EBA97F00B456F8 /* Debug */,
				A3C7561327EBA97F00B456F8 /* Release */,
			);
			defaultConfigurationIsVisible = 0;
			defaultConfigurationName = Release;
		};
/* End XCConfigurationList section */
	};
	rootObject = A3C755DD27EBA97E00B456F8 /* Project object */;
}
